// !$*UTF8*$!
{
	archiveVersion = 1;
	classes = {
	};
	objectVersion = 56;
	objects = {

/* Begin PBXBuildFile section */
		2E08A5192C4D5AA300186904 /* AnimationType.swift in Sources */ = {isa = PBXBuildFile; fileRef = 2E08A5182C4D5AA300186904 /* AnimationType.swift */; };
		2E08A51C2C4D5AF300186904 /* AnimationControllerView.swift in Sources */ = {isa = PBXBuildFile; fileRef = 2E08A51B2C4D5AF300186904 /* AnimationControllerView.swift */; };
		2E08A51F2C4D5ED200186904 /* OptionalBinding.swift in Sources */ = {isa = PBXBuildFile; fileRef = 2E08A51E2C4D5ED200186904 /* OptionalBinding.swift */; };
		2E295E552C4ACF1500C41F03 /* AnimateApp.swift in Sources */ = {isa = PBXBuildFile; fileRef = 2E295E542C4ACF1500C41F03 /* AnimateApp.swift */; };
		2E295E572C4ACF1500C41F03 /* ContentView.swift in Sources */ = {isa = PBXBuildFile; fileRef = 2E295E562C4ACF1500C41F03 /* ContentView.swift */; };
		2E295E592C4ACF1600C41F03 /* Assets.xcassets in Resources */ = {isa = PBXBuildFile; fileRef = 2E295E582C4ACF1600C41F03 /* Assets.xcassets */; };
		2E295E5C2C4ACF1600C41F03 /* Preview Assets.xcassets in Resources */ = {isa = PBXBuildFile; fileRef = 2E295E5B2C4ACF1600C41F03 /* Preview Assets.xcassets */; };
		2E59B3C02C4ECC0F00DCFD32 /* CustomPicker.swift in Sources */ = {isa = PBXBuildFile; fileRef = 2E59B3BF2C4ECC0F00DCFD32 /* CustomPicker.swift */; };
		2E624ACA2C4C377700FCFDDF /* KeyFramesView.swift in Sources */ = {isa = PBXBuildFile; fileRef = 2E624AC92C4C377700FCFDDF /* KeyFramesView.swift */; };
		2E624ACD2C4C556E00FCFDDF /* PhaseAnimatorsView.swift in Sources */ = {isa = PBXBuildFile; fileRef = 2E624ACC2C4C556E00FCFDDF /* PhaseAnimatorsView.swift */; };
		2EB724A22C4AD2E50067487F /* AppNavigationView.swift in Sources */ = {isa = PBXBuildFile; fileRef = 2EB724A12C4AD2E50067487F /* AppNavigationView.swift */; };
		2EB724A52C4AD3580067487F /* AppScreen.swift in Sources */ = {isa = PBXBuildFile; fileRef = 2EB724A42C4AD3580067487F /* AppScreen.swift */; };
		2EB724A72C4AD3870067487F /* SideBarView.swift in Sources */ = {isa = PBXBuildFile; fileRef = 2EB724A62C4AD3870067487F /* SideBarView.swift */; };
		2EB724AA2C4ADD580067487F /* BasicsView.swift in Sources */ = {isa = PBXBuildFile; fileRef = 2EB724A92C4ADD580067487F /* BasicsView.swift */; };
		2EB724AE2C4AE2800067487F /* PlainScalingButtonStyle.swift in Sources */ = {isa = PBXBuildFile; fileRef = 2EB724AD2C4AE2800067487F /* PlainScalingButtonStyle.swift */; };
		2EB724B12C4AEFD30067487F /* HorizontalScrollTransition.swift in Sources */ = {isa = PBXBuildFile; fileRef = 2EB724B02C4AEFD30067487F /* HorizontalScrollTransition.swift */; };
		2EB724B32C4AF14D0067487F /* ScrollTransitionsView.swift in Sources */ = {isa = PBXBuildFile; fileRef = 2EB724B22C4AF14D0067487F /* ScrollTransitionsView.swift */; };
		2EB724B52C4AF2EA0067487F /* VerticalScrollTransition.swift in Sources */ = {isa = PBXBuildFile; fileRef = 2EB724B42C4AF2EA0067487F /* VerticalScrollTransition.swift */; };
		2EB724B72C4AF8810067487F /* Constants.swift in Sources */ = {isa = PBXBuildFile; fileRef = 2EB724B62C4AF8810067487F /* Constants.swift */; };
		2EB724BA2C4B049B0067487F /* MatchedGeometryView.swift in Sources */ = {isa = PBXBuildFile; fileRef = 2EB724B92C4B049B0067487F /* MatchedGeometryView.swift */; };
		2EB724BF2C4B2A230067487F /* TransitionsView.swift in Sources */ = {isa = PBXBuildFile; fileRef = 2EB724BE2C4B2A230067487F /* TransitionsView.swift */; };
/* End PBXBuildFile section */

/* Begin PBXFileReference section */
		2E08A5182C4D5AA300186904 /* AnimationType.swift */ = {isa = PBXFileReference; lastKnownFileType = sourcecode.swift; path = AnimationType.swift; sourceTree = "<group>"; };
		2E08A51B2C4D5AF300186904 /* AnimationControllerView.swift */ = {isa = PBXFileReference; lastKnownFileType = sourcecode.swift; path = AnimationControllerView.swift; sourceTree = "<group>"; };
		2E08A51E2C4D5ED200186904 /* OptionalBinding.swift */ = {isa = PBXFileReference; lastKnownFileType = sourcecode.swift; path = OptionalBinding.swift; sourceTree = "<group>"; };
		2E295E512C4ACF1500C41F03 /* Animate.app */ = {isa = PBXFileReference; explicitFileType = wrapper.application; includeInIndex = 0; path = Animate.app; sourceTree = BUILT_PRODUCTS_DIR; };
		2E295E542C4ACF1500C41F03 /* AnimateApp.swift */ = {isa = PBXFileReference; lastKnownFileType = sourcecode.swift; path = AnimateApp.swift; sourceTree = "<group>"; };
		2E295E562C4ACF1500C41F03 /* ContentView.swift */ = {isa = PBXFileReference; lastKnownFileType = sourcecode.swift; path = ContentView.swift; sourceTree = "<group>"; };
		2E295E582C4ACF1600C41F03 /* Assets.xcassets */ = {isa = PBXFileReference; lastKnownFileType = folder.assetcatalog; path = Assets.xcassets; sourceTree = "<group>"; };
		2E295E5B2C4ACF1600C41F03 /* Preview Assets.xcassets */ = {isa = PBXFileReference; lastKnownFileType = folder.assetcatalog; path = "Preview Assets.xcassets"; sourceTree = "<group>"; };
		2E295E5D2C4ACF1600C41F03 /* Animate.entitlements */ = {isa = PBXFileReference; lastKnownFileType = text.plist.entitlements; path = Animate.entitlements; sourceTree = "<group>"; };
		2E59B3BF2C4ECC0F00DCFD32 /* CustomPicker.swift */ = {isa = PBXFileReference; lastKnownFileType = sourcecode.swift; path = CustomPicker.swift; sourceTree = "<group>"; };
		2E624AC92C4C377700FCFDDF /* KeyFramesView.swift */ = {isa = PBXFileReference; lastKnownFileType = sourcecode.swift; path = KeyFramesView.swift; sourceTree = "<group>"; };
		2E624ACC2C4C556E00FCFDDF /* PhaseAnimatorsView.swift */ = {isa = PBXFileReference; lastKnownFileType = sourcecode.swift; path = PhaseAnimatorsView.swift; sourceTree = "<group>"; };
		2EB724A12C4AD2E50067487F /* AppNavigationView.swift */ = {isa = PBXFileReference; lastKnownFileType = sourcecode.swift; path = AppNavigationView.swift; sourceTree = "<group>"; };
		2EB724A42C4AD3580067487F /* AppScreen.swift */ = {isa = PBXFileReference; lastKnownFileType = sourcecode.swift; path = AppScreen.swift; sourceTree = "<group>"; };
		2EB724A62C4AD3870067487F /* SideBarView.swift */ = {isa = PBXFileReference; lastKnownFileType = sourcecode.swift; path = SideBarView.swift; sourceTree = "<group>"; };
		2EB724A92C4ADD580067487F /* BasicsView.swift */ = {isa = PBXFileReference; lastKnownFileType = sourcecode.swift; path = BasicsView.swift; sourceTree = "<group>"; };
		2EB724AD2C4AE2800067487F /* PlainScalingButtonStyle.swift */ = {isa = PBXFileReference; lastKnownFileType = sourcecode.swift; path = PlainScalingButtonStyle.swift; sourceTree = "<group>"; };
		2EB724B02C4AEFD30067487F /* HorizontalScrollTransition.swift */ = {isa = PBXFileReference; lastKnownFileType = sourcecode.swift; path = HorizontalScrollTransition.swift; sourceTree = "<group>"; };
		2EB724B22C4AF14D0067487F /* ScrollTransitionsView.swift */ = {isa = PBXFileReference; lastKnownFileType = sourcecode.swift; path = ScrollTransitionsView.swift; sourceTree = "<group>"; };
		2EB724B42C4AF2EA0067487F /* VerticalScrollTransition.swift */ = {isa = PBXFileReference; lastKnownFileType = sourcecode.swift; path = VerticalScrollTransition.swift; sourceTree = "<group>"; };
		2EB724B62C4AF8810067487F /* Constants.swift */ = {isa = PBXFileReference; lastKnownFileType = sourcecode.swift; path = Constants.swift; sourceTree = "<group>"; };
		2EB724B92C4B049B0067487F /* MatchedGeometryView.swift */ = {isa = PBXFileReference; lastKnownFileType = sourcecode.swift; path = MatchedGeometryView.swift; sourceTree = "<group>"; };
		2EB724BE2C4B2A230067487F /* TransitionsView.swift */ = {isa = PBXFileReference; lastKnownFileType = sourcecode.swift; path = TransitionsView.swift; sourceTree = "<group>"; };
/* End PBXFileReference section */

/* Begin PBXFrameworksBuildPhase section */
		2E295E4E2C4ACF1500C41F03 /* Frameworks */ = {
			isa = PBXFrameworksBuildPhase;
			buildActionMask = 2147483647;
			files = (
			);
			runOnlyForDeploymentPostprocessing = 0;
		};
/* End PBXFrameworksBuildPhase section */

/* Begin PBXGroup section */
		2E08A51A2C4D5ACF00186904 /* Components */ = {
			isa = PBXGroup;
			children = (
				2E08A51B2C4D5AF300186904 /* AnimationControllerView.swift */,
				2E59B3BF2C4ECC0F00DCFD32 /* CustomPicker.swift */,
			);
			path = Components;
			sourceTree = "<group>";
		};
		2E08A51D2C4D5EC300186904 /* Extensions */ = {
			isa = PBXGroup;
			children = (
				2E08A51E2C4D5ED200186904 /* OptionalBinding.swift */,
			);
			path = Extensions;
			sourceTree = "<group>";
		};
		2E295E482C4ACF1500C41F03 = {
			isa = PBXGroup;
			children = (
				2E295E532C4ACF1500C41F03 /* Animate */,
				2E295E522C4ACF1500C41F03 /* Products */,
			);
			sourceTree = "<group>";
		};
		2E295E522C4ACF1500C41F03 /* Products */ = {
			isa = PBXGroup;
			children = (
				2E295E512C4ACF1500C41F03 /* Animate.app */,
			);
			name = Products;
			sourceTree = "<group>";
		};
		2E295E532C4ACF1500C41F03 /* Animate */ = {
			isa = PBXGroup;
			children = (
				2E295E542C4ACF1500C41F03 /* AnimateApp.swift */,
				2E295E562C4ACF1500C41F03 /* ContentView.swift */,
				2EB724A32C4AD3420067487F /* Navigation */,
				2E295E642C4ACFA300C41F03 /* Views */,
				2E08A51A2C4D5ACF00186904 /* Components */,
				2EB724AB2C4AE23C0067487F /* Utils */,
				2E295E582C4ACF1600C41F03 /* Assets.xcassets */,
				2E295E5D2C4ACF1600C41F03 /* Animate.entitlements */,
				2E295E5A2C4ACF1600C41F03 /* Preview Content */,
			);
			path = Animate;
			sourceTree = "<group>";
		};
		2E295E5A2C4ACF1600C41F03 /* Preview Content */ = {
			isa = PBXGroup;
			children = (
				2E295E5B2C4ACF1600C41F03 /* Preview Assets.xcassets */,
			);
			path = "Preview Content";
			sourceTree = "<group>";
		};
		2E295E642C4ACFA300C41F03 /* Views */ = {
			isa = PBXGroup;
			children = (
				2EB724A82C4ADC8F0067487F /* Basics */,
				2EB724BB2C4B29F60067487F /* Transitions */,
				2EB724B82C4B04750067487F /* MatchedGeometry */,
				2EB724AF2C4AEFAA0067487F /* ScrollViewTransitions */,
				2E624ACB2C4C555900FCFDDF /* PhaseAnimators */,
				2E624AC82C4C376300FCFDDF /* KeyFrames */,
			);
			path = Views;
			sourceTree = "<group>";
		};
		2E624AC82C4C376300FCFDDF /* KeyFrames */ = {
			isa = PBXGroup;
			children = (
				2E624AC92C4C377700FCFDDF /* KeyFramesView.swift */,
			);
			path = KeyFrames;
			sourceTree = "<group>";
		};
		2E624ACB2C4C555900FCFDDF /* PhaseAnimators */ = {
			isa = PBXGroup;
			children = (
				2E624ACC2C4C556E00FCFDDF /* PhaseAnimatorsView.swift */,
			);
			path = PhaseAnimators;
			sourceTree = "<group>";
		};
		2EB724A32C4AD3420067487F /* Navigation */ = {
			isa = PBXGroup;
			children = (
				2EB724A12C4AD2E50067487F /* AppNavigationView.swift */,
				2EB724A42C4AD3580067487F /* AppScreen.swift */,
				2EB724A62C4AD3870067487F /* SideBarView.swift */,
			);
			path = Navigation;
			sourceTree = "<group>";
		};
		2EB724A82C4ADC8F0067487F /* Basics */ = {
			isa = PBXGroup;
			children = (
				2EB724A92C4ADD580067487F /* BasicsView.swift */,
			);
			path = Basics;
			sourceTree = "<group>";
		};
		2EB724AB2C4AE23C0067487F /* Utils */ = {
			isa = PBXGroup;
			children = (
				2E08A51D2C4D5EC300186904 /* Extensions */,
				2EB724AD2C4AE2800067487F /* PlainScalingButtonStyle.swift */,
				2EB724B62C4AF8810067487F /* Constants.swift */,
				2E08A5182C4D5AA300186904 /* AnimationType.swift */,
			);
			path = Utils;
			sourceTree = "<group>";
		};
		2EB724AF2C4AEFAA0067487F /* ScrollViewTransitions */ = {
			isa = PBXGroup;
			children = (
				2EB724B22C4AF14D0067487F /* ScrollTransitionsView.swift */,
				2EB724B02C4AEFD30067487F /* HorizontalScrollTransition.swift */,
				2EB724B42C4AF2EA0067487F /* VerticalScrollTransition.swift */,
			);
			path = ScrollViewTransitions;
			sourceTree = "<group>";
		};
		2EB724B82C4B04750067487F /* MatchedGeometry */ = {
			isa = PBXGroup;
			children = (
				2EB724B92C4B049B0067487F /* MatchedGeometryView.swift */,
			);
			path = MatchedGeometry;
			sourceTree = "<group>";
		};
		2EB724BB2C4B29F60067487F /* Transitions */ = {
			isa = PBXGroup;
			children = (
				2EB724BE2C4B2A230067487F /* TransitionsView.swift */,
			);
			path = Transitions;
			sourceTree = "<group>";
		};
/* End PBXGroup section */

/* Begin PBXNativeTarget section */
		2E295E502C4ACF1500C41F03 /* Animate */ = {
			isa = PBXNativeTarget;
			buildConfigurationList = 2E295E602C4ACF1600C41F03 /* Build configuration list for PBXNativeTarget "Animate" */;
			buildPhases = (
				2E295E4D2C4ACF1500C41F03 /* Sources */,
				2E295E4E2C4ACF1500C41F03 /* Frameworks */,
				2E295E4F2C4ACF1500C41F03 /* Resources */,
			);
			buildRules = (
			);
			dependencies = (
			);
			name = Animate;
			productName = Animate;
			productReference = 2E295E512C4ACF1500C41F03 /* Animate.app */;
			productType = "com.apple.product-type.application";
		};
/* End PBXNativeTarget section */

/* Begin PBXProject section */
		2E295E492C4ACF1500C41F03 /* Project object */ = {
			isa = PBXProject;
			attributes = {
				BuildIndependentTargetsInParallel = 1;
				LastSwiftUpdateCheck = 1540;
				LastUpgradeCheck = 1540;
				TargetAttributes = {
					2E295E502C4ACF1500C41F03 = {
						CreatedOnToolsVersion = 15.4;
					};
				};
			};
			buildConfigurationList = 2E295E4C2C4ACF1500C41F03 /* Build configuration list for PBXProject "Animate" */;
			compatibilityVersion = "Xcode 14.0";
			developmentRegion = en;
			hasScannedForEncodings = 0;
			knownRegions = (
				en,
				Base,
			);
			mainGroup = 2E295E482C4ACF1500C41F03;
			productRefGroup = 2E295E522C4ACF1500C41F03 /* Products */;
			projectDirPath = "";
			projectRoot = "";
			targets = (
				2E295E502C4ACF1500C41F03 /* Animate */,
			);
		};
/* End PBXProject section */

/* Begin PBXResourcesBuildPhase section */
		2E295E4F2C4ACF1500C41F03 /* Resources */ = {
			isa = PBXResourcesBuildPhase;
			buildActionMask = 2147483647;
			files = (
				2E295E5C2C4ACF1600C41F03 /* Preview Assets.xcassets in Resources */,
				2E295E592C4ACF1600C41F03 /* Assets.xcassets in Resources */,
			);
			runOnlyForDeploymentPostprocessing = 0;
		};
/* End PBXResourcesBuildPhase section */

/* Begin PBXSourcesBuildPhase section */
		2E295E4D2C4ACF1500C41F03 /* Sources */ = {
			isa = PBXSourcesBuildPhase;
			buildActionMask = 2147483647;
			files = (
				2E08A5192C4D5AA300186904 /* AnimationType.swift in Sources */,
				2E08A51F2C4D5ED200186904 /* OptionalBinding.swift in Sources */,
				2E295E572C4ACF1500C41F03 /* ContentView.swift in Sources */,
				2EB724B72C4AF8810067487F /* Constants.swift in Sources */,
				2E624ACD2C4C556E00FCFDDF /* PhaseAnimatorsView.swift in Sources */,
				2EB724B32C4AF14D0067487F /* ScrollTransitionsView.swift in Sources */,
				2EB724AE2C4AE2800067487F /* PlainScalingButtonStyle.swift in Sources */,
				2E08A51C2C4D5AF300186904 /* AnimationControllerView.swift in Sources */,
				2EB724AA2C4ADD580067487F /* BasicsView.swift in Sources */,
				2E295E552C4ACF1500C41F03 /* AnimateApp.swift in Sources */,
				2EB724BF2C4B2A230067487F /* TransitionsView.swift in Sources */,
				2EB724A22C4AD2E50067487F /* AppNavigationView.swift in Sources */,
				2E59B3C02C4ECC0F00DCFD32 /* CustomPicker.swift in Sources */,
				2EB724A72C4AD3870067487F /* SideBarView.swift in Sources */,
				2EB724B12C4AEFD30067487F /* HorizontalScrollTransition.swift in Sources */,
				2EB724BA2C4B049B0067487F /* MatchedGeometryView.swift in Sources */,
				2EB724A52C4AD3580067487F /* AppScreen.swift in Sources */,
				2E624ACA2C4C377700FCFDDF /* KeyFramesView.swift in Sources */,
				2EB724B52C4AF2EA0067487F /* VerticalScrollTransition.swift in Sources */,
			);
			runOnlyForDeploymentPostprocessing = 0;
		};
/* End PBXSourcesBuildPhase section */

/* Begin XCBuildConfiguration section */
		2E295E5E2C4ACF1600C41F03 /* Debug */ = {
			isa = XCBuildConfiguration;
			buildSettings = {
				ALWAYS_SEARCH_USER_PATHS = NO;
				ASSETCATALOG_COMPILER_GENERATE_SWIFT_ASSET_SYMBOL_EXTENSIONS = YES;
				CLANG_ANALYZER_NONNULL = YES;
				CLANG_ANALYZER_NUMBER_OBJECT_CONVERSION = YES_AGGRESSIVE;
				CLANG_CXX_LANGUAGE_STANDARD = "gnu++20";
				CLANG_ENABLE_MODULES = YES;
				CLANG_ENABLE_OBJC_ARC = YES;
				CLANG_ENABLE_OBJC_WEAK = YES;
				CLANG_WARN_BLOCK_CAPTURE_AUTORELEASING = YES;
				CLANG_WARN_BOOL_CONVERSION = YES;
				CLANG_WARN_COMMA = YES;
				CLANG_WARN_CONSTANT_CONVERSION = YES;
				CLANG_WARN_DEPRECATED_OBJC_IMPLEMENTATIONS = YES;
				CLANG_WARN_DIRECT_OBJC_ISA_USAGE = YES_ERROR;
				CLANG_WARN_DOCUMENTATION_COMMENTS = YES;
				CLANG_WARN_EMPTY_BODY = YES;
				CLANG_WARN_ENUM_CONVERSION = YES;
				CLANG_WARN_INFINITE_RECURSION = YES;
				CLANG_WARN_INT_CONVERSION = YES;
				CLANG_WARN_NON_LITERAL_NULL_CONVERSION = YES;
				CLANG_WARN_OBJC_IMPLICIT_RETAIN_SELF = YES;
				CLANG_WARN_OBJC_LITERAL_CONVERSION = YES;
				CLANG_WARN_OBJC_ROOT_CLASS = YES_ERROR;
				CLANG_WARN_QUOTED_INCLUDE_IN_FRAMEWORK_HEADER = YES;
				CLANG_WARN_RANGE_LOOP_ANALYSIS = YES;
				CLANG_WARN_STRICT_PROTOTYPES = YES;
				CLANG_WARN_SUSPICIOUS_MOVE = YES;
				CLANG_WARN_UNGUARDED_AVAILABILITY = YES_AGGRESSIVE;
				CLANG_WARN_UNREACHABLE_CODE = YES;
				CLANG_WARN__DUPLICATE_METHOD_MATCH = YES;
				COPY_PHASE_STRIP = NO;
				DEBUG_INFORMATION_FORMAT = dwarf;
				ENABLE_STRICT_OBJC_MSGSEND = YES;
				ENABLE_TESTABILITY = YES;
				ENABLE_USER_SCRIPT_SANDBOXING = YES;
				GCC_C_LANGUAGE_STANDARD = gnu17;
				GCC_DYNAMIC_NO_PIC = NO;
				GCC_NO_COMMON_BLOCKS = YES;
				GCC_OPTIMIZATION_LEVEL = 0;
				GCC_PREPROCESSOR_DEFINITIONS = (
					"DEBUG=1",
					"$(inherited)",
				);
				GCC_WARN_64_TO_32_BIT_CONVERSION = YES;
				GCC_WARN_ABOUT_RETURN_TYPE = YES_ERROR;
				GCC_WARN_UNDECLARED_SELECTOR = YES;
				GCC_WARN_UNINITIALIZED_AUTOS = YES_AGGRESSIVE;
				GCC_WARN_UNUSED_FUNCTION = YES;
				GCC_WARN_UNUSED_VARIABLE = YES;
				LOCALIZATION_PREFERS_STRING_CATALOGS = YES;
				MACOSX_DEPLOYMENT_TARGET = 14.5;
				MTL_ENABLE_DEBUG_INFO = INCLUDE_SOURCE;
				MTL_FAST_MATH = YES;
				ONLY_ACTIVE_ARCH = YES;
				SDKROOT = macosx;
				SWIFT_ACTIVE_COMPILATION_CONDITIONS = "DEBUG $(inherited)";
				SWIFT_OPTIMIZATION_LEVEL = "-Onone";
			};
			name = Debug;
		};
		2E295E5F2C4ACF1600C41F03 /* Release */ = {
			isa = XCBuildConfiguration;
			buildSettings = {
				ALWAYS_SEARCH_USER_PATHS = NO;
				ASSETCATALOG_COMPILER_GENERATE_SWIFT_ASSET_SYMBOL_EXTENSIONS = YES;
				CLANG_ANALYZER_NONNULL = YES;
				CLANG_ANALYZER_NUMBER_OBJECT_CONVERSION = YES_AGGRESSIVE;
				CLANG_CXX_LANGUAGE_STANDARD = "gnu++20";
				CLANG_ENABLE_MODULES = YES;
				CLANG_ENABLE_OBJC_ARC = YES;
				CLANG_ENABLE_OBJC_WEAK = YES;
				CLANG_WARN_BLOCK_CAPTURE_AUTORELEASING = YES;
				CLANG_WARN_BOOL_CONVERSION = YES;
				CLANG_WARN_COMMA = YES;
				CLANG_WARN_CONSTANT_CONVERSION = YES;
				CLANG_WARN_DEPRECATED_OBJC_IMPLEMENTATIONS = YES;
				CLANG_WARN_DIRECT_OBJC_ISA_USAGE = YES_ERROR;
				CLANG_WARN_DOCUMENTATION_COMMENTS = YES;
				CLANG_WARN_EMPTY_BODY = YES;
				CLANG_WARN_ENUM_CONVERSION = YES;
				CLANG_WARN_INFINITE_RECURSION = YES;
				CLANG_WARN_INT_CONVERSION = YES;
				CLANG_WARN_NON_LITERAL_NULL_CONVERSION = YES;
				CLANG_WARN_OBJC_IMPLICIT_RETAIN_SELF = YES;
				CLANG_WARN_OBJC_LITERAL_CONVERSION = YES;
				CLANG_WARN_OBJC_ROOT_CLASS = YES_ERROR;
				CLANG_WARN_QUOTED_INCLUDE_IN_FRAMEWORK_HEADER = YES;
				CLANG_WARN_RANGE_LOOP_ANALYSIS = YES;
				CLANG_WARN_STRICT_PROTOTYPES = YES;
				CLANG_WARN_SUSPICIOUS_MOVE = YES;
				CLANG_WARN_UNGUARDED_AVAILABILITY = YES_AGGRESSIVE;
				CLANG_WARN_UNREACHABLE_CODE = YES;
				CLANG_WARN__DUPLICATE_METHOD_MATCH = YES;
				COPY_PHASE_STRIP = NO;
				DEBUG_INFORMATION_FORMAT = "dwarf-with-dsym";
				ENABLE_NS_ASSERTIONS = NO;
				ENABLE_STRICT_OBJC_MSGSEND = YES;
				ENABLE_USER_SCRIPT_SANDBOXING = YES;
				GCC_C_LANGUAGE_STANDARD = gnu17;
				GCC_NO_COMMON_BLOCKS = YES;
				GCC_WARN_64_TO_32_BIT_CONVERSION = YES;
				GCC_WARN_ABOUT_RETURN_TYPE = YES_ERROR;
				GCC_WARN_UNDECLARED_SELECTOR = YES;
				GCC_WARN_UNINITIALIZED_AUTOS = YES_AGGRESSIVE;
				GCC_WARN_UNUSED_FUNCTION = YES;
				GCC_WARN_UNUSED_VARIABLE = YES;
				LOCALIZATION_PREFERS_STRING_CATALOGS = YES;
				MACOSX_DEPLOYMENT_TARGET = 14.5;
				MTL_ENABLE_DEBUG_INFO = NO;
				MTL_FAST_MATH = YES;
				SDKROOT = macosx;
				SWIFT_COMPILATION_MODE = wholemodule;
			};
			name = Release;
		};
		2E295E612C4ACF1600C41F03 /* Debug */ = {
			isa = XCBuildConfiguration;
			buildSettings = {
				ASSETCATALOG_COMPILER_APPICON_NAME = AppIcon;
				ASSETCATALOG_COMPILER_GLOBAL_ACCENT_COLOR_NAME = AccentColor;
				CODE_SIGN_ENTITLEMENTS = Animate/Animate.entitlements;
				CODE_SIGN_STYLE = Automatic;
				COMBINE_HIDPI_IMAGES = YES;
				CURRENT_PROJECT_VERSION = 1;
				DEVELOPMENT_ASSET_PATHS = "\"Animate/Preview Content\"";
				DEVELOPMENT_TEAM = UD7DDMT4QH;
				ENABLE_HARDENED_RUNTIME = YES;
				ENABLE_PREVIEWS = YES;
				GENERATE_INFOPLIST_FILE = YES;
				INFOPLIST_KEY_NSHumanReadableCopyright = "";
				LD_RUNPATH_SEARCH_PATHS = (
					"$(inherited)",
					"@executable_path/../Frameworks",
				);
				MACOSX_DEPLOYMENT_TARGET = 14.4;
				MARKETING_VERSION = 1.0;
				PRODUCT_BUNDLE_IDENTIFIER = ross.greg.animate.Animate;
				PRODUCT_NAME = "$(TARGET_NAME)";
				SWIFT_EMIT_LOC_STRINGS = YES;
				SWIFT_VERSION = 5.0;
			};
			name = Debug;
		};
		2E295E622C4ACF1600C41F03 /* Release */ = {
			isa = XCBuildConfiguration;
			buildSettings = {
				ASSETCATALOG_COMPILER_APPICON_NAME = AppIcon;
				ASSETCATALOG_COMPILER_GLOBAL_ACCENT_COLOR_NAME = AccentColor;
				CODE_SIGN_ENTITLEMENTS = Animate/Animate.entitlements;
				CODE_SIGN_STYLE = Automatic;
				COMBINE_HIDPI_IMAGES = YES;
				CURRENT_PROJECT_VERSION = 1;
				DEVELOPMENT_ASSET_PATHS = "\"Animate/Preview Content\"";
				DEVELOPMENT_TEAM = UD7DDMT4QH;
				ENABLE_HARDENED_RUNTIME = YES;
				ENABLE_PREVIEWS = YES;
				GENERATE_INFOPLIST_FILE = YES;
				INFOPLIST_KEY_NSHumanReadableCopyright = "";
				LD_RUNPATH_SEARCH_PATHS = (
					"$(inherited)",
					"@executable_path/../Frameworks",
				);
				MACOSX_DEPLOYMENT_TARGET = 14.4;
				MARKETING_VERSION = 1.0;
				PRODUCT_BUNDLE_IDENTIFIER = ross.greg.animate.Animate;
				PRODUCT_NAME = "$(TARGET_NAME)";
				SWIFT_EMIT_LOC_STRINGS = YES;
				SWIFT_VERSION = 5.0;
			};
			name = Release;
		};
/* End XCBuildConfiguration section */

/* Begin XCConfigurationList section */
		2E295E4C2C4ACF1500C41F03 /* Build configuration list for PBXProject "Animate" */ = {
			isa = XCConfigurationList;
			buildConfigurations = (
				2E295E5E2C4ACF1600C41F03 /* Debug */,
				2E295E5F2C4ACF1600C41F03 /* Release */,
			);
			defaultConfigurationIsVisible = 0;
			defaultConfigurationName = Release;
		};
		2E295E602C4ACF1600C41F03 /* Build configuration list for PBXNativeTarget "Animate" */ = {
			isa = XCConfigurationList;
			buildConfigurations = (
				2E295E612C4ACF1600C41F03 /* Debug */,
				2E295E622C4ACF1600C41F03 /* Release */,
			);
			defaultConfigurationIsVisible = 0;
			defaultConfigurationName = Release;
		};
/* End XCConfigurationList section */
	};
	rootObject = 2E295E492C4ACF1500C41F03 /* Project object */;
}
